
Microsoft Visual Studio Solution File, Format Version 12.00
# Visual Studio Version 16
VisualStudioVersion = 16.0.28729.10
MinimumVisualStudioVersion = 10.0.40219.1
Project("{FAE04EC0-301F-11D3-BF4B-00C04F79EFBC}") = "MicroServicesTesting", "MicroServicesTesting\MicroServicesTesting.csproj", "{D2F2984B-6F73-4573-80FD-B542352B28D9}"
EndProject
Global
	GlobalSection(SolutionConfigurationPlatforms) = preSolution
		Debug|Any CPU = Debug|Any CPU
		Release|Any CPU = Release|Any CPU
	EndGlobalSection
	GlobalSection(ProjectConfigurationPlatforms) = postSolution
		{D2F2984B-6F73-4573-80FD-B542352B28D9}.Debug|Any CPU.ActiveCfg = Debug|Any CPU
		{D2F2984B-6F73-4573-80FD-B542352B28D9}.Debug|Any CPU.Build.0 = Debug|Any CPU
		{D2F2984B-6F73-4573-80FD-B542352B28D9}.Release|Any CPU.ActiveCfg = Release|Any CPU
		{D2F2984B-6F73-4573-80FD-B542352B28D9}.Release|Any CPU.Build.0 = Release|Any CPU
	EndGlobalSection
	GlobalSection(SolutionProperties) = preSolution
		HideSolutionNode = FALSE
	EndGlobalSection
	GlobalSection(ExtensibilityGlobals) = postSolution
		SolutionGuid = {DB816DAA-4939-44F9-AC2B-E8337E36E57E}
	EndGlobalSection
EndGlobal
